
Microsoft Visual Studio Solution File, Format Version 12.00
# Visual Studio Version 16
VisualStudioVersion = 16.0.32413.511
MinimumVisualStudioVersion = 10.0.40219.1
Project("{FAE04EC0-301F-11D3-BF4B-00C04F79EFBC}") = "CustomUser_NoAuthen", "CustomUser_NoAuthen\CustomUser_NoAuthen.csproj", "{EA675871-F1DE-4E93-93E3-E3AD01E3E033}"
EndProject
Global
	GlobalSection(SolutionConfigurationPlatforms) = preSolution
		Debug|Any CPU = Debug|Any CPU
		Release|Any CPU = Release|Any CPU
	EndGlobalSection
	GlobalSection(ProjectConfigurationPlatforms) = postSolution
		{EA675871-F1DE-4E93-93E3-E3AD01E3E033}.Debug|Any CPU.ActiveCfg = Debug|Any CPU
		{EA675871-F1DE-4E93-93E3-E3AD01E3E033}.Debug|Any CPU.Build.0 = Debug|Any CPU
		{EA675871-F1DE-4E93-93E3-E3AD01E3E033}.Release|Any CPU.ActiveCfg = Release|Any CPU
		{EA675871-F1DE-4E93-93E3-E3AD01E3E033}.Release|Any CPU.Build.0 = Release|Any CPU
	EndGlobalSection
	GlobalSection(SolutionProperties) = preSolution
		HideSolutionNode = FALSE
	EndGlobalSection
	GlobalSection(ExtensibilityGlobals) = postSolution
		SolutionGuid = {D5A0894E-6CC0-41C5-9553-0C5D039269FE}
	EndGlobalSection
EndGlobal
